
Microsoft Visual Studio Solution File, Format Version 12.00
# Visual Studio Version 17
VisualStudioVersion = 17.13.35825.156
MinimumVisualStudioVersion = 10.0.40219.1
Project("{2150E333-8FDC-42A3-9474-1A3956D46DE8}") = "SolutionFiles", "SolutionFiles", "{02EA681E-C7D8-13C7-8484-4AC65E1B71E8}"
	ProjectSection(SolutionItems) = preProject
		backend\.editorconfig = backend\.editorconfig
		backend\Directory.Build.props = backend\Directory.Build.props
	EndProjectSection
EndProject
Project("{FAE04EC0-301F-11D3-BF4B-00C04F79EFBC}") = "ScanlationTracker.Api", "backend\ScanlationTracker.Api\ScanlationTracker.Api.csproj", "{F3CF3FA9-59C1-6EDF-0DD5-CD7BC25D5887}"
EndProject
Project("{FAE04EC0-301F-11D3-BF4B-00C04F79EFBC}") = "ScanlationTracker.SeriesUpdater", "backend\ScanlationTracker.SeriesUpdater\ScanlationTracker.SeriesUpdater.csproj", "{70C6747B-6F4D-9CE4-DD4A-F590F027BA15}"
EndProject
Project("{FAE04EC0-301F-11D3-BF4B-00C04F79EFBC}") = "ScanlationTracker.Core", "backend\ScanlationTracker.Core\ScanlationTracker.Core.csproj", "{8C2AE5E9-C7CE-16A8-40D9-F90F4DD434CF}"
EndProject
Project("{FAE04EC0-301F-11D3-BF4B-00C04F79EFBC}") = "ScanlationTracker.Infrastructure", "backend\ScanlationTracker.Infrastructure\ScanlationTracker.Infrastructure.csproj", "{F53392C7-A9AD-749D-F237-5B2367E4356F}"
EndProject
Global
	GlobalSection(SolutionConfigurationPlatforms) = preSolution
		Debug|Any CPU = Debug|Any CPU
		Release|Any CPU = Release|Any CPU
	EndGlobalSection
	GlobalSection(ProjectConfigurationPlatforms) = postSolution
		{F3CF3FA9-59C1-6EDF-0DD5-CD7BC25D5887}.Debug|Any CPU.ActiveCfg = Debug|Any CPU
		{F3CF3FA9-59C1-6EDF-0DD5-CD7BC25D5887}.Debug|Any CPU.Build.0 = Debug|Any CPU
		{F3CF3FA9-59C1-6EDF-0DD5-CD7BC25D5887}.Release|Any CPU.ActiveCfg = Release|Any CPU
		{F3CF3FA9-59C1-6EDF-0DD5-CD7BC25D5887}.Release|Any CPU.Build.0 = Release|Any CPU
		{70C6747B-6F4D-9CE4-DD4A-F590F027BA15}.Debug|Any CPU.ActiveCfg = Debug|Any CPU
		{70C6747B-6F4D-9CE4-DD4A-F590F027BA15}.Debug|Any CPU.Build.0 = Debug|Any CPU
		{70C6747B-6F4D-9CE4-DD4A-F590F027BA15}.Release|Any CPU.ActiveCfg = Release|Any CPU
		{70C6747B-6F4D-9CE4-DD4A-F590F027BA15}.Release|Any CPU.Build.0 = Release|Any CPU
		{8C2AE5E9-C7CE-16A8-40D9-F90F4DD434CF}.Debug|Any CPU.ActiveCfg = Debug|Any CPU
		{8C2AE5E9-C7CE-16A8-40D9-F90F4DD434CF}.Debug|Any CPU.Build.0 = Debug|Any CPU
		{8C2AE5E9-C7CE-16A8-40D9-F90F4DD434CF}.Release|Any CPU.ActiveCfg = Release|Any CPU
		{8C2AE5E9-C7CE-16A8-40D9-F90F4DD434CF}.Release|Any CPU.Build.0 = Release|Any CPU
		{F53392C7-A9AD-749D-F237-5B2367E4356F}.Debug|Any CPU.ActiveCfg = Debug|Any CPU
		{F53392C7-A9AD-749D-F237-5B2367E4356F}.Debug|Any CPU.Build.0 = Debug|Any CPU
		{F53392C7-A9AD-749D-F237-5B2367E4356F}.Release|Any CPU.ActiveCfg = Release|Any CPU
		{F53392C7-A9AD-749D-F237-5B2367E4356F}.Release|Any CPU.Build.0 = Release|Any CPU
	EndGlobalSection
	GlobalSection(SolutionProperties) = preSolution
		HideSolutionNode = FALSE
	EndGlobalSection
	GlobalSection(ExtensibilityGlobals) = postSolution
		SolutionGuid = {5CED400B-18DA-48DC-A863-86E31A8EA9FD}
	EndGlobalSection
EndGlobal
